{
    "_meta": {
        "hash": {
            "sha256": "e265e77acf9e5f45371c45c6f4f6f14d12c1df12593e794ae0012344670dcb63"
        },
        "pipfile-spec": 6,
        "requires": {
            "python_version": "3.12"
        },
        "sources": [
            {
                "name": "pypi",
                "url": "https://pypi.org/simple",
                "verify_ssl": true
            }
        ]
    },
    "default": {
        "attrs": {
            "hashes": [
                "sha256:935dc3b529c262f6cf76e50877d35a4bd3c1de194fd41f47a2b7ae8f19971f30",
                "sha256:99b87a485a5820b23b879f04c2305b44b951b502fd64be915879d77a7e8fc6f1"
            ],
            "markers": "python_version >= '3.7'",
            "version": "==23.2.0"
        },
        "boto3": {
            "hashes": [
                "sha256:0d382baac02ba4ead82230f34ba377fbf5f6481321dca911e6664b752d79b682",
                "sha256:eb5d84c2127ffddf8e7f4dd6f9084f86cb18dca8416fb5d6bea278298cf8d84c"
            ],
            "index": "pypi",
            "markers": "python_version >= '3.8'",
            "version": "==1.34.46"
        },
        "botocore": {
            "hashes": [
                "sha256:21a6c391c6b4869aed66bc888b8e6d54581b343514cfe97dbe71ede12026c3cc",
                "sha256:f54330ba1e8ce31489a4e09b4ba8afbf84be01bbc48dbb31d44897fb7657f7ad"
            ],
            "markers": "python_version >= '3.8'",
            "version": "==1.34.46"
        },
        "certifi": {
            "hashes": [
                "sha256:0569859f95fc761b18b45ef421b1290a0f65f147e92a1e5eb3e635f9a5e4e66f",
                "sha256:dc383c07b76109f368f6106eee2b593b04a011ea4d55f652c6ca24a754d1cdd1"
            ],
            "markers": "python_version >= '3.6'",
            "version": "==2024.2.2"
        },
        "h11": {
            "hashes": [
                "sha256:8f19fbbe99e72420ff35c00b27a34cb9937e902a8b810e2c88300c6f0a3b699d",
                "sha256:e3fe4ac4b851c468cc8363d500db52c2ead036020723024a109d37346efaa761"
            ],
            "markers": "python_version >= '3.7'",
            "version": "==0.14.0"
        },
        "idna": {
            "hashes": [
                "sha256:9ecdbbd083b06798ae1e86adcbfe8ab1479cf864e4ee30fe4e46a003d12491ca",
                "sha256:c05567e9c24a6b9faaa835c4821bad0590fbb9d5779e7caa6e1cc4978e7eb24f"
            ],
            "markers": "python_version >= '3.5'",
            "version": "==3.6"
        },
        "jmespath": {
            "hashes": [
                "sha256:02e2e4cc71b5bcab88332eebf907519190dd9e6e82107fa7f83b1003a6252980",
                "sha256:90261b206d6defd58fdd5e85f478bf633a2901798906be2ad389150c5c60edbe"
            ],
            "markers": "python_version >= '3.7'",
            "version": "==1.0.1"
        },
        "outcome": {
            "hashes": [
                "sha256:9dcf02e65f2971b80047b377468e72a268e15c0af3cf1238e6ff14f7f91143b8",
                "sha256:e771c5ce06d1415e356078d3bdd68523f284b4ce5419828922b6871e65eda82b"
            ],
            "markers": "python_version >= '3.7'",
            "version": "==1.3.0.post0"
        },
        "pysocks": {
            "hashes": [
                "sha256:08e69f092cc6dbe92a0fdd16eeb9b9ffbc13cadfe5ca4c7bd92ffb078b293299",
                "sha256:2725bd0a9925919b9b51739eea5f9e2bae91e83288108a9ad338b2e3a4435ee5",
                "sha256:3f8804571ebe159c380ac6de37643bb4685970655d3bba243530d6558b799aa0"
            ],
            "version": "==1.7.1"
        },
        "python-dateutil": {
            "hashes": [
                "sha256:0123cacc1627ae19ddf3c27a5de5bd67ee4586fbdd6440d9748f8abb483d3e86",
                "sha256:961d03dc3453ebbc59dbdea9e4e11c5651520a876d0f4db161e8674aae935da9"
            ],
            "index": "pypi",
            "markers": "python_version >= '2.7' and python_version not in '3.0, 3.1, 3.2, 3.3'",
            "version": "==2.8.2"
        },
        "s3transfer": {
            "hashes": [
                "sha256:3cdb40f5cfa6966e812209d0994f2a4709b561c88e90cf00c2696d2df4e56b2e",
                "sha256:d0c8bbf672d5eebbe4e57945e23b972d963f07d82f661cabf678a5c88831595b"
            ],
            "markers": "python_version >= '3.8'",
            "version": "==0.10.0"
        },
        "selenium": {
            "hashes": [
                "sha256:a11f67afa8bfac6b77e148c987b33f6b14eb1cae4d352722a75de1f26e3f0ae2",
                "sha256:b24a3cdd2d47c29832e81345bfcde0c12bb608738013e53c781b211b418df241"
            ],
            "index": "pypi",
            "markers": "python_version >= '3.8'",
            "version": "==4.18.1"
        },
        "sentry-sdk": {
            "hashes": [
                "sha256:d188b407c9bacbe2a50a824e1f8fb99ee1aeb309133310488c570cb6d7056643",
                "sha256:d2dca2392cc5c9a2cc9bb874dd7978ebb759682fe4fe889ee7e970ee8dd1c61e"
            ],
            "index": "pypi",
            "version": "==1.40.5"
        },
        "six": {
            "hashes": [
                "sha256:1e61c37477a1626458e36f7b1d82aa5c9b094fa4802892072e49de9c60c4c926",
                "sha256:8abb2f1d86890a2dfb989f9a77cfcfd3e47c2a354b01111771326f8aa26e0254"
            ],
            "markers": "python_version >= '2.7' and python_version not in '3.0, 3.1, 3.2, 3.3'",
            "version": "==1.16.0"
        },
        "sniffio": {
            "hashes": [
                "sha256:e60305c5e5d314f5389259b7f22aaa33d8f7dee49763119234af3755c55b9101",
                "sha256:eecefdce1e5bbfb7ad2eeaabf7c1eeb404d7757c379bd1f7e5cce9d8bf425384"
            ],
            "markers": "python_version >= '3.7'",
            "version": "==1.3.0"
        },
        "sortedcontainers": {
            "hashes": [
                "sha256:25caa5a06cc30b6b83d11423433f65d1f9d76c4c6a0c90e3379eaa43b9bfdb88",
                "sha256:a163dcaede0f1c021485e957a39245190e74249897e2ae4b2aa38595db237ee0"
            ],
            "version": "==2.4.0"
        },
        "trio": {
            "hashes": [
                "sha256:c3bd3a4e3e3025cd9a2241eae75637c43fe0b9e88b4c97b9161a55b9e54cd72c",
                "sha256:ffa09a74a6bf81b84f8613909fb0beaee84757450183a7a2e0b47b455c0cac5d"
            ],
            "markers": "python_version >= '3.8'",
            "version": "==0.24.0"
        },
        "trio-websocket": {
            "hashes": [
                "sha256:18c11793647703c158b1f6e62de638acada927344d534e3c7628eedcb746839f",
                "sha256:520d046b0d030cf970b8b2b2e00c4c2245b3807853ecd44214acd33d74581638"
            ],
            "markers": "python_version >= '3.7'",
            "version": "==0.11.1"
        },
        "typing-extensions": {
            "hashes": [
                "sha256:23478f88c37f27d76ac8aee6c905017a143b0b1b886c3c9f66bc2fd94f9f5783",
                "sha256:af72aea155e91adfc61c3ae9e0e342dbc0cba726d6cba4b6c72c1f34e47291cd"
            ],
            "markers": "python_version >= '3.8'",
            "version": "==4.9.0"
        },
        "urllib3": {
            "extras": [
                "socks"
            ],
            "hashes": [
                "sha256:c97dfde1f7bd43a71c8d2a58e369e9b2bf692d1334ea9f9cae55add7d0dd0f84",
                "sha256:fdb6d215c776278489906c2f8916e6e7d4f5a9b602ccbcfdf7f016fc8da0596e"
            ],
            "markers": "python_version >= '3.7'",
            "version": "==2.0.7"
        },
        "wsproto": {
            "hashes": [
                "sha256:ad565f26ecb92588a3e43bc3d96164de84cd9902482b130d0ddbaa9664a85065",
                "sha256:b9acddd652b585d75b20477888c56642fdade28bdfd3579aa24a4d2c037dd736"
            ],
            "markers": "python_full_version >= '3.7.0'",
            "version": "==1.2.0"
        }
    },
    "develop": {
        "attrs": {
            "hashes": [
                "sha256:935dc3b529c262f6cf76e50877d35a4bd3c1de194fd41f47a2b7ae8f19971f30",
                "sha256:99b87a485a5820b23b879f04c2305b44b951b502fd64be915879d77a7e8fc6f1"
            ],
            "markers": "python_version >= '3.7'",
            "version": "==23.2.0"
        },
        "autopep8": {
            "hashes": [
                "sha256:067959ca4a07b24dbd5345efa8325f5f58da4298dab0dde0443d5ed765de80cb",
                "sha256:2913064abd97b3419d1cc83ea71f042cb821f87e45b9c88cad5ad3c4ea87fe0c"
            ],
            "index": "pypi",
            "markers": "python_version >= '3.6'",
            "version": "==2.0.4"
        },
        "aws-cdk-lib": {
            "hashes": [
                "sha256:817473eed711518a8f32daa8dc13014565b1fac88355558c961d02033111753d",
                "sha256:add4c7c58cca62845c2cbaf8373e963f9e10526442e811957f587b1f603d7d6d"
            ],
            "index": "pypi",
            "markers": "python_version ~= '3.8'",
            "version": "==2.129.0"
        },
        "aws-cdk.asset-awscli-v1": {
            "hashes": [
                "sha256:3ef87d6530736b3a7b0f777fe3b4297994dd40c3ce9306d95f80f48fb18036e8",
                "sha256:96205ea2e5e132ec52fabfff37ea25b9b859498f167d05b32564c949822cd331"
            ],
            "markers": "python_version ~= '3.8'",
            "version": "==2.2.202"
        },
        "aws-cdk.asset-kubectl-v20": {
            "hashes": [
                "sha256:346283e43018a43e3b3ca571de3f44e85d49c038dc20851894cb8f9b2052b164",
                "sha256:7f0617ab6cb942b066bd7174bf3e1f377e57878c3e1cddc21d6b2d13c92d0cc1"
            ],
            "markers": "python_version ~= '3.7'",
            "version": "==2.1.2"
        },
        "aws-cdk.asset-node-proxy-agent-v6": {
            "hashes": [
                "sha256:42cdbc1de2ed3f845e3eb883a72f58fc7e5554c2e0b6fcdb366c159778dce74d",
                "sha256:e442673d4f93137ab165b75386761b1d46eea25fc5015e5145ae3afa9da06b6e"
            ],
            "markers": "python_version ~= '3.7'",
            "version": "==2.0.1"
        },
        "boto3-stubs": {
            "extras": [
                "s3",
                "sesv2",
                "ssm"
            ],
            "hashes": [
                "sha256:8f0706c13e3263f23af0f4912f4dc3a9cef266dc83778e93c395e6f10bd3e832",
                "sha256:fd01ecbd599bdfbc0933d2537ec33beddc9f93399b395e557f46aadad17a0726"
            ],
            "markers": "python_version >= '3.8'",
            "version": "==1.34.46"
        },
        "botocore-stubs": {
            "hashes": [
                "sha256:a501639bf8b0d94e945cea522a2cefd9d32bce3073db9be1dc240573aea76f7c",
                "sha256:e1bfb0ca3eafb101cfff810b04fb8f7a5a7d32f900357832733b0d6c9d5880e9"
            ],
            "markers": "python_version >= '3.8' and python_version < '4.0'",
            "version": "==1.34.46"
        },
        "cattrs": {
            "hashes": [
                "sha256:0341994d94971052e9ee70662542699a3162ea1e0c62f7ce1b4a57f563685108",
                "sha256:a934090d95abaa9e911dac357e3a8699e0b4b14f8529bcc7d2b1ad9d51672b9f"
            ],
            "markers": "python_version >= '3.8'",
            "version": "==23.2.3"
        },
        "constructs": {
            "hashes": [
                "sha256:2972f514837565ff5b09171cfba50c0159dfa75ee86a42921ea8c86f2941b3d2",
                "sha256:518551135ec236f9cc6b86500f4fbbe83b803ccdc6c2cb7684e0b7c4d234e7b1"
            ],
            "markers": "python_version ~= '3.7'",
            "version": "==10.3.0"
        },
        "coverage": {
            "hashes": [
                "sha256:006d220ba2e1a45f1de083d5022d4955abb0aedd78904cd5a779b955b019ec73",
                "sha256:06fe398145a2e91edaf1ab4eee66149c6776c6b25b136f4a86fcbbb09512fd10",
                "sha256:175f56572f25e1e1201d2b3e07b71ca4d201bf0b9cb8fad3f1dfae6a4188de86",
                "sha256:18cac867950943fe93d6cd56a67eb7dcd2d4a781a40f4c1e25d6f1ed98721a55",
                "sha256:1a5ee18e3a8d766075ce9314ed1cb695414bae67df6a4b0805f5137d93d6f1cb",
                "sha256:20a875bfd8c282985c4720c32aa05056f77a68e6d8bbc5fe8632c5860ee0b49b",
                "sha256:2412e98e70f16243be41d20836abd5f3f32edef07cbf8f407f1b6e1ceae783ac",
                "sha256:2599972b21911111114100d362aea9e70a88b258400672626efa2b9e2179609c",
                "sha256:2ed37e16cf35c8d6e0b430254574b8edd242a367a1b1531bd1adc99c6a5e00fe",
                "sha256:32b4ab7e6c924f945cbae5392832e93e4ceb81483fd6dc4aa8fb1a97b9d3e0e1",
                "sha256:34423abbaad70fea9d0164add189eabaea679068ebdf693baa5c02d03e7db244",
                "sha256:3507427d83fa961cbd73f11140f4a5ce84208d31756f7238d6257b2d3d868405",
                "sha256:3733545eb294e5ad274abe131d1e7e7de4ba17a144505c12feca48803fea5f64",
                "sha256:3ff5bdb08d8938d336ce4088ca1a1e4b6c8cd3bef8bb3a4c0eb2f37406e49643",
                "sha256:3ff7f92ae5a456101ca8f48387fd3c56eb96353588e686286f50633a611afc95",
                "sha256:42a9e754aa250fe61f0f99986399cec086d7e7a01dd82fd863a20af34cbce962",
                "sha256:51593a1f05c39332f623d64d910445fdec3d2ac2d96b37ce7f331882d5678ddf",
                "sha256:5b11f9c6587668e495cc7365f85c93bed34c3a81f9f08b0920b87a89acc13469",
                "sha256:69f1665165ba2fe7614e2f0c1aed71e14d83510bf67e2ee13df467d1c08bf1e8",
                "sha256:78cdcbf7b9cb83fe047ee09298e25b1cd1636824067166dc97ad0543b079d22f",
                "sha256:7df95fdd1432a5d2675ce630fef5f239939e2b3610fe2f2b5bf21fa505256fa3",
                "sha256:81a5fb41b0d24447a47543b749adc34d45a2cf77b48ca74e5bf3de60a7bd9edc",
                "sha256:840456cb1067dc350af9080298c7c2cfdddcedc1cb1e0b30dceecdaf7be1a2d3",
                "sha256:8562ca91e8c40864942615b1d0b12289d3e745e6b2da901d133f52f2d510a1e3",
                "sha256:861d75402269ffda0b33af94694b8e0703563116b04c681b1832903fac8fd647",
                "sha256:8b98c89db1b150d851a7840142d60d01d07677a18f0f46836e691c38134ed18b",
                "sha256:a178b7b1ac0f1530bb28d2e51f88c0bab3e5949835851a60dda80bff6052510c",
                "sha256:a8ddbd158e069dded57738ea69b9744525181e99974c899b39f75b2b29a624e2",
                "sha256:ac4bab32f396b03ebecfcf2971668da9275b3bb5f81b3b6ba96622f4ef3f6e17",
                "sha256:ac9e95cefcf044c98d4e2c829cd0669918585755dd9a92e28a1a7012322d0a95",
                "sha256:adbdfcda2469d188d79771d5696dc54fab98a16d2ef7e0875013b5f56a251047",
                "sha256:b3c8bbb95a699c80a167478478efe5e09ad31680931ec280bf2087905e3b95ec",
                "sha256:b3f2b1eb229f23c82898eedfc3296137cf1f16bb145ceab3edfd17cbde273fb7",
                "sha256:b4ae777bebaed89e3a7e80c4a03fac434a98a8abb5251b2a957d38fe3fd30088",
                "sha256:b953275d4edfab6cc0ed7139fa773dfb89e81fee1569a932f6020ce7c6da0e8f",
                "sha256:bf54c3e089179d9d23900e3efc86d46e4431188d9a657f345410eecdd0151f50",
                "sha256:bf711d517e21fb5bc429f5c4308fbc430a8585ff2a43e88540264ae87871e36a",
                "sha256:c00e54f0bd258ab25e7f731ca1d5144b0bf7bec0051abccd2bdcff65fa3262c9",
                "sha256:c11ca2df2206a4e3e4c4567f52594637392ed05d7c7fb73b4ea1c658ba560265",
                "sha256:c5f9683be6a5b19cd776ee4e2f2ffb411424819c69afab6b2db3a0a364ec6642",
                "sha256:cf89ab85027427d351f1de918aff4b43f4eb5f33aff6835ed30322a86ac29c9e",
                "sha256:d1b750a8409bec61caa7824bfd64a8074b6d2d420433f64c161a8335796c7c6b",
                "sha256:d779a48fac416387dd5673fc5b2d6bd903ed903faaa3247dc1865c65eaa5a93e",
                "sha256:d9a1ef0f173e1a19738f154fb3644f90d0ada56fe6c9b422f992b04266c55d5a",
                "sha256:ddb79414c15c6f03f56cc68fa06994f047cf20207c31b5dad3f6bab54a0f66ef",
                "sha256:ef00d31b7569ed3cb2036f26565f1984b9fc08541731ce01012b02a4c238bf03",
                "sha256:f40ac873045db4fd98a6f40387d242bde2708a3f8167bd967ccd43ad46394ba2",
                "sha256:f593a4a90118d99014517c2679e04a4ef5aee2d81aa05c26c734d271065efcb6",
                "sha256:f5df76c58977bc35a49515b2fbba84a1d952ff0ec784a4070334dfbec28a2def",
                "sha256:f72cdd2586f9a769570d4b5714a3837b3a59a53b096bb954f1811f6a0afad305",
                "sha256:f8e845d894e39fb53834da826078f6dc1a933b32b1478cf437007367efaf6f6a",
                "sha256:fe6e43c8b510719b48af7db9631b5fbac910ade4bd90e6378c85ac5ac706382c"
            ],
            "index": "pypi",
            "markers": "python_version >= '3.8'",
            "version": "==7.4.2"
        },
        "importlib-resources": {
            "hashes": [
                "sha256:3893a00122eafde6894c59914446a512f728a0c1a45f9bb9b63721b6bacf0b4a",
                "sha256:e8bf90d8213b486f428c9c39714b920041cb02c184686a3dee24905aaa8105d6"
            ],
            "markers": "python_version >= '3.8'",
            "version": "==6.1.1"
        },
        "iniconfig": {
            "hashes": [
                "sha256:2d91e135bf72d31a410b17c16da610a82cb55f6b0477d1a902134b24a455b8b3",
                "sha256:b6a85871a79d2e3b22d2d1b94ac2824226a63c6b741c88f7ae975f18b6778374"
            ],
            "markers": "python_version >= '3.7'",
            "version": "==2.0.0"
        },
        "jsii": {
            "hashes": [
                "sha256:1105bae271ae47c27cf31c1565c5157306efed5ad9323c9a27336f962f465716",
                "sha256:175abc356603d98f18ab6f6aa74bfeae253e4e56340aef9dc40bbb1a6a59868b"
            ],
            "markers": "python_version ~= '3.8'",
            "version": "==1.94.0"
        },
        "mypy": {
            "hashes": [
                "sha256:028cf9f2cae89e202d7b6593cd98db6759379f17a319b5faf4f9978d7084cdc6",
                "sha256:2afecd6354bbfb6e0160f4e4ad9ba6e4e003b767dd80d85516e71f2e955ab50d",
                "sha256:2b5b6c721bd4aabaadead3a5e6fa85c11c6c795e0c81a7215776ef8afc66de02",
                "sha256:42419861b43e6962a649068a61f4a4839205a3ef525b858377a960b9e2de6e0d",
                "sha256:42c6680d256ab35637ef88891c6bd02514ccb7e1122133ac96055ff458f93fc3",
                "sha256:485a8942f671120f76afffff70f259e1cd0f0cfe08f81c05d8816d958d4577d3",
                "sha256:4c886c6cce2d070bd7df4ec4a05a13ee20c0aa60cb587e8d1265b6c03cf91da3",
                "sha256:4e6d97288757e1ddba10dd9549ac27982e3e74a49d8d0179fc14d4365c7add66",
                "sha256:4ef4be7baf08a203170f29e89d79064463b7fc7a0908b9d0d5114e8009c3a259",
                "sha256:51720c776d148bad2372ca21ca29256ed483aa9a4cdefefcef49006dff2a6835",
                "sha256:52825b01f5c4c1c4eb0db253ec09c7aa17e1a7304d247c48b6f3599ef40db8bd",
                "sha256:538fd81bb5e430cc1381a443971c0475582ff9f434c16cd46d2c66763ce85d9d",
                "sha256:5c1538c38584029352878a0466f03a8ee7547d7bd9f641f57a0f3017a7c905b8",
                "sha256:6ff8b244d7085a0b425b56d327b480c3b29cafbd2eff27316a004f9a7391ae07",
                "sha256:7178def594014aa6c35a8ff411cf37d682f428b3b5617ca79029d8ae72f5402b",
                "sha256:720a5ca70e136b675af3af63db533c1c8c9181314d207568bbe79051f122669e",
                "sha256:7f1478736fcebb90f97e40aff11a5f253af890c845ee0c850fe80aa060a267c6",
                "sha256:855fe27b80375e5c5878492f0729540db47b186509c98dae341254c8f45f42ae",
                "sha256:8963b83d53ee733a6e4196954502b33567ad07dfd74851f32be18eb932fb1cb9",
                "sha256:9261ed810972061388918c83c3f5cd46079d875026ba97380f3e3978a72f503d",
                "sha256:99b00bc72855812a60d253420d8a2eae839b0afa4938f09f4d2aa9bb4654263a",
                "sha256:ab3c84fa13c04aeeeabb2a7f67a25ef5d77ac9d6486ff33ded762ef353aa5592",
                "sha256:afe3fe972c645b4632c563d3f3eff1cdca2fa058f730df2b93a35e3b0c538218",
                "sha256:d19c413b3c07cbecf1f991e2221746b0d2a9410b59cb3f4fb9557f0365a1a817",
                "sha256:df9824ac11deaf007443e7ed2a4a26bebff98d2bc43c6da21b2b64185da011c4",
                "sha256:e46f44b54ebddbeedbd3d5b289a893219065ef805d95094d16a0af6630f5d410",
                "sha256:f5ac9a4eeb1ec0f1ccdc6f326bcdb464de5f80eb07fb38b5ddd7b0de6bc61e55"
            ],
            "index": "pypi",
            "markers": "python_version >= '3.8'",
            "version": "==1.8.0"
        },
        "mypy-boto3-s3": {
            "hashes": [
                "sha256:71c39ab0623cdb442d225b71c1783f6a513cff4c4a13505a2efbb2e3aff2e965",
                "sha256:f9669ecd182d5bf3532f5f2dcc5e5237776afe157ad5a0b37b26d6bec5fcc432"
            ],
            "version": "==1.34.14"
        },
        "mypy-boto3-sesv2": {
            "hashes": [
                "sha256:370953ed350df221479af551f659f43c9d65bbe02ff357bf28567c14f1c70ca8",
                "sha256:dfafd358e4c1e05b239014698bbd922e7540257c9de0d634f99b42063fb3614d"
            ],
            "version": "==1.34.0"
        },
        "mypy-boto3-ssm": {
            "hashes": [
                "sha256:185e46fa5996843e34a5c7fb5e2129df57a37fca3187daa1ab81996d5633c772",
                "sha256:1d78f8bfb85d4bfb820046b7c864b75e2ef1a04ea7fed88b4d6d6abf252077e6"
            ],
            "version": "==1.34.32"
        },
        "mypy-extensions": {
            "hashes": [
                "sha256:4392f6c0eb8a5668a69e23d168ffa70f0be9ccfd32b5cc2d26a34ae5b844552d",
                "sha256:75dbf8955dc00442a438fc4d0666508a9a97b6bd41aa2f0ffe9d2f2725af0782"
            ],
            "markers": "python_version >= '3.5'",
            "version": "==1.0.0"
        },
        "packaging": {
            "hashes": [
                "sha256:048fb0e9405036518eaaf48a55953c750c11e1a1b68e0dd1a9d62ed0c092cfc5",
                "sha256:8c491190033a9af7e1d931d0b5dacc2ef47509b34dd0de67ed209b5203fc88c7"
            ],
            "markers": "python_version >= '3.7'",
            "version": "==23.2"
        },
        "pluggy": {
            "hashes": [
                "sha256:7db9f7b503d67d1c5b95f59773ebb58a8c1c288129a88665838012cfb07b8981",
                "sha256:8c85c2876142a764e5b7548e7d9a0e0ddb46f5185161049a79b7e974454223be"
            ],
            "markers": "python_version >= '3.8'",
            "version": "==1.4.0"
        },
        "publication": {
            "hashes": [
                "sha256:0248885351febc11d8a1098d5c8e3ab2dabcf3e8c0c96db1e17ecd12b53afbe6",
                "sha256:68416a0de76dddcdd2930d1c8ef853a743cc96c82416c4e4d3b5d901c6276dc4"
            ],
            "version": "==0.0.3"
        },
        "pycodestyle": {
            "hashes": [
                "sha256:41ba0e7afc9752dfb53ced5489e89f8186be00e599e712660695b7a75ff2663f",
                "sha256:44fe31000b2d866f2e41841b18528a505fbd7fef9017b04eff4e2648a0fadc67"
            ],
            "markers": "python_version >= '3.8'",
            "version": "==2.11.1"
        },
        "pytest": {
            "hashes": [
                "sha256:267f6563751877d772019b13aacbe4e860d73fe8f651f28112e9ac37de7513ae",
                "sha256:3e4f16fe1c0a9dc9d9389161c127c3edc5d810c38d6793042fb81d9f48a59fca"
            ],
            "index": "pypi",
            "markers": "python_version >= '3.8'",
            "version": "==8.0.1"
        },
        "python-dateutil": {
            "hashes": [
                "sha256:0123cacc1627ae19ddf3c27a5de5bd67ee4586fbdd6440d9748f8abb483d3e86",
                "sha256:961d03dc3453ebbc59dbdea9e4e11c5651520a876d0f4db161e8674aae935da9"
            ],
            "index": "pypi",
            "markers": "python_version >= '2.7' and python_version not in '3.0, 3.1, 3.2, 3.3'",
            "version": "==2.8.2"
        },
        "six": {
            "hashes": [
                "sha256:1e61c37477a1626458e36f7b1d82aa5c9b094fa4802892072e49de9c60c4c926",
                "sha256:8abb2f1d86890a2dfb989f9a77cfcfd3e47c2a354b01111771326f8aa26e0254"
            ],
            "markers": "python_version >= '2.7' and python_version not in '3.0, 3.1, 3.2, 3.3'",
            "version": "==1.16.0"
        },
        "typeguard": {
            "hashes": [
                "sha256:00edaa8da3a133674796cf5ea87d9f4b4c367d77476e185e80251cc13dfbb8c4",
                "sha256:5e3e3be01e887e7eafae5af63d1f36c849aaa94e3a0112097312aabfa16284f1"
            ],
            "markers": "python_full_version >= '3.5.3'",
            "version": "==2.13.3"
        },
        "types-awscrt": {
            "hashes": [
                "sha256:06a859189a329ca8e66d56ceeef2391488e39b878fbd2141f115eab4d416fe22",
                "sha256:f61a120d3e98ee1387bc5ca4b93437f258cc5c2af1f55f8634ec4cee5729f178"
            ],
            "markers": "python_version >= '3.7' and python_version < '4.0'",
            "version": "==0.20.3"
        },
        "types-s3transfer": {
            "hashes": [
                "sha256:35e4998c25df7f8985ad69dedc8e4860e8af3b43b7615e940d53c00d413bdc69",
                "sha256:44fcdf0097b924a9aab1ee4baa1179081a9559ca62a88c807e2b256893ce688f"
            ],
            "markers": "python_version >= '3.7' and python_version < '4.0'",
            "version": "==0.10.0"
        },
        "typing-extensions": {
            "hashes": [
                "sha256:23478f88c37f27d76ac8aee6c905017a143b0b1b886c3c9f66bc2fd94f9f5783",
                "sha256:af72aea155e91adfc61c3ae9e0e342dbc0cba726d6cba4b6c72c1f34e47291cd"
            ],
            "markers": "python_version >= '3.8'",
            "version": "==4.9.0"
        }
    }
}
